// !$*UTF8*$!
{
	archiveVersion = 1;
	classes = {
	};
	objectVersion = 46;
	objects = {

/* Begin PBXBuildFile section */
		93086E091DDE15EA009DDFB8 /* FeedCardView.swift in Sources */ = {isa = PBXBuildFile; fileRef = 93086E081DDE15EA009DDFB8 /* FeedCardView.swift */; };
		934A26A51DDB92E100B4F707 /* StoryDetailTableViewController.swift in Sources */ = {isa = PBXBuildFile; fileRef = 934A26A41DDB92E100B4F707 /* StoryDetailTableViewController.swift */; };
		935057FC1DDB26CC0006ADF0 /* AppDelegate.swift in Sources */ = {isa = PBXBuildFile; fileRef = 935057FB1DDB26CC0006ADF0 /* AppDelegate.swift */; };
		935057FE1DDB26CC0006ADF0 /* FirstViewController.swift in Sources */ = {isa = PBXBuildFile; fileRef = 935057FD1DDB26CC0006ADF0 /* FirstViewController.swift */; };
		935058001DDB26CC0006ADF0 /* SecondViewController.swift in Sources */ = {isa = PBXBuildFile; fileRef = 935057FF1DDB26CC0006ADF0 /* SecondViewController.swift */; };
		935058031DDB26CC0006ADF0 /* Main.storyboard in Resources */ = {isa = PBXBuildFile; fileRef = 935058011DDB26CC0006ADF0 /* Main.storyboard */; };
		935058051DDB26CC0006ADF0 /* Assets.xcassets in Resources */ = {isa = PBXBuildFile; fileRef = 935058041DDB26CC0006ADF0 /* Assets.xcassets */; };
		935058081DDB26CC0006ADF0 /* LaunchScreen.storyboard in Resources */ = {isa = PBXBuildFile; fileRef = 935058061DDB26CC0006ADF0 /* LaunchScreen.storyboard */; };
		93A4E04F1DDE1A43001CA4E6 /* StoryDetailHeaderTableViewCell.swift in Sources */ = {isa = PBXBuildFile; fileRef = 93A4E04E1DDE1A43001CA4E6 /* StoryDetailHeaderTableViewCell.swift */; };
		93B068BF1DDBB7F200945657 /* ParagraphTableViewCell.swift in Sources */ = {isa = PBXBuildFile; fileRef = 93B068BE1DDBB7F200945657 /* ParagraphTableViewCell.swift */; };
		93E3EA811DDEEC6B00001993 /* FeedTableViewController.swift in Sources */ = {isa = PBXBuildFile; fileRef = 93E3EA801DDEEC6B00001993 /* FeedTableViewController.swift */; };
		A067401C1DDBA9F600053FCE /* AuthViewController.swift in Sources */ = {isa = PBXBuildFile; fileRef = A067401B1DDBA9F600053FCE /* AuthViewController.swift */; };
		A0CD0FFB1DE6EC99008DD3D4 /* API.swift in Sources */ = {isa = PBXBuildFile; fileRef = A0CD0FFA1DE6EC99008DD3D4 /* API.swift */; };
		A0E0E9DB1DE737F7002D0D73 /* TabBarController.swift in Sources */ = {isa = PBXBuildFile; fileRef = A0E0E9DA1DE737F7002D0D73 /* TabBarController.swift */; };
		A93CF6E6A7252737EF0FEF6F /* Pods_paragraf.framework in Frameworks */ = {isa = PBXBuildFile; fileRef = 9AA33DBED160206C705222D3 /* Pods_paragraf.framework */; };
/* End PBXBuildFile section */

/* Begin PBXFileReference section */
		72158C2F18019EFCE405251A /* Pods-paragraf.release.xcconfig */ = {isa = PBXFileReference; includeInIndex = 1; lastKnownFileType = text.xcconfig; name = "Pods-paragraf.release.xcconfig"; path = "Pods/Target Support Files/Pods-paragraf/Pods-paragraf.release.xcconfig"; sourceTree = "<group>"; };
		91085D07BDE49A3E1157341C /* Pods-paragraf.debug.xcconfig */ = {isa = PBXFileReference; includeInIndex = 1; lastKnownFileType = text.xcconfig; name = "Pods-paragraf.debug.xcconfig"; path = "Pods/Target Support Files/Pods-paragraf/Pods-paragraf.debug.xcconfig"; sourceTree = "<group>"; };
		93086E081DDE15EA009DDFB8 /* FeedCardView.swift */ = {isa = PBXFileReference; fileEncoding = 4; lastKnownFileType = sourcecode.swift; path = FeedCardView.swift; sourceTree = "<group>"; };
		934A26A41DDB92E100B4F707 /* StoryDetailTableViewController.swift */ = {isa = PBXFileReference; fileEncoding = 4; lastKnownFileType = sourcecode.swift; path = StoryDetailTableViewController.swift; sourceTree = "<group>"; };
		935057F81DDB26CC0006ADF0 /* paragraf.app */ = {isa = PBXFileReference; explicitFileType = wrapper.application; includeInIndex = 0; path = paragraf.app; sourceTree = BUILT_PRODUCTS_DIR; };
		935057FB1DDB26CC0006ADF0 /* AppDelegate.swift */ = {isa = PBXFileReference; lastKnownFileType = sourcecode.swift; path = AppDelegate.swift; sourceTree = "<group>"; };
		935057FD1DDB26CC0006ADF0 /* FirstViewController.swift */ = {isa = PBXFileReference; lastKnownFileType = sourcecode.swift; path = FirstViewController.swift; sourceTree = "<group>"; };
		935057FF1DDB26CC0006ADF0 /* SecondViewController.swift */ = {isa = PBXFileReference; lastKnownFileType = sourcecode.swift; path = SecondViewController.swift; sourceTree = "<group>"; };
		935058021DDB26CC0006ADF0 /* Base */ = {isa = PBXFileReference; lastKnownFileType = file.storyboard; name = Base; path = Base.lproj/Main.storyboard; sourceTree = "<group>"; };
		935058041DDB26CC0006ADF0 /* Assets.xcassets */ = {isa = PBXFileReference; lastKnownFileType = folder.assetcatalog; path = Assets.xcassets; sourceTree = "<group>"; };
		935058071DDB26CC0006ADF0 /* Base */ = {isa = PBXFileReference; lastKnownFileType = file.storyboard; name = Base; path = Base.lproj/LaunchScreen.storyboard; sourceTree = "<group>"; };
		935058091DDB26CC0006ADF0 /* Info.plist */ = {isa = PBXFileReference; lastKnownFileType = text.plist.xml; path = Info.plist; sourceTree = "<group>"; };
		93A4E04E1DDE1A43001CA4E6 /* StoryDetailHeaderTableViewCell.swift */ = {isa = PBXFileReference; fileEncoding = 4; lastKnownFileType = sourcecode.swift; path = StoryDetailHeaderTableViewCell.swift; sourceTree = "<group>"; };
		93B068BE1DDBB7F200945657 /* ParagraphTableViewCell.swift */ = {isa = PBXFileReference; fileEncoding = 4; lastKnownFileType = sourcecode.swift; path = ParagraphTableViewCell.swift; sourceTree = "<group>"; };
		93E3EA801DDEEC6B00001993 /* FeedTableViewController.swift */ = {isa = PBXFileReference; fileEncoding = 4; lastKnownFileType = sourcecode.swift; path = FeedTableViewController.swift; sourceTree = "<group>"; };
		9AA33DBED160206C705222D3 /* Pods_paragraf.framework */ = {isa = PBXFileReference; explicitFileType = wrapper.framework; includeInIndex = 0; path = Pods_paragraf.framework; sourceTree = BUILT_PRODUCTS_DIR; };
		A067401B1DDBA9F600053FCE /* AuthViewController.swift */ = {isa = PBXFileReference; fileEncoding = 4; lastKnownFileType = sourcecode.swift; path = AuthViewController.swift; sourceTree = "<group>"; };
		A0BF82241DDBD2A700C84137 /* paragraf.entitlements */ = {isa = PBXFileReference; lastKnownFileType = text.plist.entitlements; path = paragraf.entitlements; sourceTree = "<group>"; };
		A0CD0FFA1DE6EC99008DD3D4 /* API.swift */ = {isa = PBXFileReference; fileEncoding = 4; lastKnownFileType = sourcecode.swift; path = API.swift; sourceTree = "<group>"; };
		A0E0E9DA1DE737F7002D0D73 /* TabBarController.swift */ = {isa = PBXFileReference; fileEncoding = 4; lastKnownFileType = sourcecode.swift; path = TabBarController.swift; sourceTree = "<group>"; };
/* End PBXFileReference section */

/* Begin PBXFrameworksBuildPhase section */
		935057F51DDB26CC0006ADF0 /* Frameworks */ = {
			isa = PBXFrameworksBuildPhase;
			buildActionMask = 2147483647;
			files = (
				A93CF6E6A7252737EF0FEF6F /* Pods_paragraf.framework in Frameworks */,
			);
			runOnlyForDeploymentPostprocessing = 0;
		};
/* End PBXFrameworksBuildPhase section */

/* Begin PBXGroup section */
		935057EF1DDB26CC0006ADF0 = {
			isa = PBXGroup;
			children = (
				935057FA1DDB26CC0006ADF0 /* paragraf */,
				935057F91DDB26CC0006ADF0 /* Products */,
				9579A1891E1C884DE3053BCA /* Pods */,
				C6C940A795182238768C99B6 /* Frameworks */,
			);
			sourceTree = "<group>";
		};
		935057F91DDB26CC0006ADF0 /* Products */ = {
			isa = PBXGroup;
			children = (
				935057F81DDB26CC0006ADF0 /* paragraf.app */,
			);
			name = Products;
			sourceTree = "<group>";
		};
		935057FA1DDB26CC0006ADF0 /* paragraf */ = {
			isa = PBXGroup;
			children = (
				93A4E04E1DDE1A43001CA4E6 /* StoryDetailHeaderTableViewCell.swift */,
				A0BF82241DDBD2A700C84137 /* paragraf.entitlements */,
				A067401B1DDBA9F600053FCE /* AuthViewController.swift */,
				A0E0E9DA1DE737F7002D0D73 /* TabBarController.swift */,
				935057FB1DDB26CC0006ADF0 /* AppDelegate.swift */,
				935057FD1DDB26CC0006ADF0 /* FirstViewController.swift */,
				935057FF1DDB26CC0006ADF0 /* SecondViewController.swift */,
				A0CD0FFA1DE6EC99008DD3D4 /* API.swift */,
				935058011DDB26CC0006ADF0 /* Main.storyboard */,
				93E3EA801DDEEC6B00001993 /* FeedTableViewController.swift */,
				93086E081DDE15EA009DDFB8 /* FeedCardView.swift */,
				934A26A41DDB92E100B4F707 /* StoryDetailTableViewController.swift */,
				93B068BE1DDBB7F200945657 /* ParagraphTableViewCell.swift */,
				935058041DDB26CC0006ADF0 /* Assets.xcassets */,
				935058061DDB26CC0006ADF0 /* LaunchScreen.storyboard */,
				935058091DDB26CC0006ADF0 /* Info.plist */,
			);
			path = paragraf;
			sourceTree = "<group>";
		};
		9579A1891E1C884DE3053BCA /* Pods */ = {
			isa = PBXGroup;
			children = (
				91085D07BDE49A3E1157341C /* Pods-paragraf.debug.xcconfig */,
				72158C2F18019EFCE405251A /* Pods-paragraf.release.xcconfig */,
			);
			name = Pods;
			sourceTree = "<group>";
		};
		C6C940A795182238768C99B6 /* Frameworks */ = {
			isa = PBXGroup;
			children = (
				9AA33DBED160206C705222D3 /* Pods_paragraf.framework */,
			);
			name = Frameworks;
			sourceTree = "<group>";
		};
/* End PBXGroup section */

/* Begin PBXNativeTarget section */
		935057F71DDB26CC0006ADF0 /* paragraf */ = {
			isa = PBXNativeTarget;
			buildConfigurationList = 9350580C1DDB26CC0006ADF0 /* Build configuration list for PBXNativeTarget "paragraf" */;
			buildPhases = (
				C7BE5BE47600F428D89B683D /* [CP] Check Pods Manifest.lock */,
				935057F41DDB26CC0006ADF0 /* Sources */,
				935057F51DDB26CC0006ADF0 /* Frameworks */,
				935057F61DDB26CC0006ADF0 /* Resources */,
				405A75A750FBE4BCD81014A6 /* [CP] Embed Pods Frameworks */,
				9EED6866AB09D0078C9A5B8F /* [CP] Copy Pods Resources */,
			);
			buildRules = (
			);
			dependencies = (
			);
			name = paragraf;
			productName = paragraf;
			productReference = 935057F81DDB26CC0006ADF0 /* paragraf.app */;
			productType = "com.apple.product-type.application";
		};
/* End PBXNativeTarget section */

/* Begin PBXProject section */
		935057F01DDB26CC0006ADF0 /* Project object */ = {
			isa = PBXProject;
			attributes = {
				LastSwiftUpdateCheck = 0800;
				LastUpgradeCheck = 0810;
				ORGANIZATIONNAME = "Adrien Morel";
				TargetAttributes = {
					935057F71DDB26CC0006ADF0 = {
						CreatedOnToolsVersion = 8.0;
						DevelopmentTeam = KA74PPR2DQ;
						ProvisioningStyle = Automatic;
						SystemCapabilities = {
							com.apple.Keychain = {
								enabled = 1;
							};
						};
					};
				};
			};
			buildConfigurationList = 935057F31DDB26CC0006ADF0 /* Build configuration list for PBXProject "paragraf" */;
			compatibilityVersion = "Xcode 3.2";
			developmentRegion = English;
			hasScannedForEncodings = 0;
			knownRegions = (
				en,
				Base,
			);
			mainGroup = 935057EF1DDB26CC0006ADF0;
			productRefGroup = 935057F91DDB26CC0006ADF0 /* Products */;
			projectDirPath = "";
			projectRoot = "";
			targets = (
				935057F71DDB26CC0006ADF0 /* paragraf */,
			);
		};
/* End PBXProject section */

/* Begin PBXResourcesBuildPhase section */
		935057F61DDB26CC0006ADF0 /* Resources */ = {
			isa = PBXResourcesBuildPhase;
			buildActionMask = 2147483647;
			files = (
				935058081DDB26CC0006ADF0 /* LaunchScreen.storyboard in Resources */,
				935058051DDB26CC0006ADF0 /* Assets.xcassets in Resources */,
				935058031DDB26CC0006ADF0 /* Main.storyboard in Resources */,
			);
			runOnlyForDeploymentPostprocessing = 0;
		};
/* End PBXResourcesBuildPhase section */

/* Begin PBXShellScriptBuildPhase section */
		405A75A750FBE4BCD81014A6 /* [CP] Embed Pods Frameworks */ = {
			isa = PBXShellScriptBuildPhase;
			buildActionMask = 2147483647;
			files = (
			);
			inputPaths = (
			);
			name = "[CP] Embed Pods Frameworks";
			outputPaths = (
			);
			runOnlyForDeploymentPostprocessing = 0;
			shellPath = /bin/sh;
			shellScript = "\"${SRCROOT}/Pods/Target Support Files/Pods-paragraf/Pods-paragraf-frameworks.sh\"\n";
			showEnvVarsInLog = 0;
		};
		9EED6866AB09D0078C9A5B8F /* [CP] Copy Pods Resources */ = {
			isa = PBXShellScriptBuildPhase;
			buildActionMask = 2147483647;
			files = (
			);
			inputPaths = (
			);
			name = "[CP] Copy Pods Resources";
			outputPaths = (
			);
			runOnlyForDeploymentPostprocessing = 0;
			shellPath = /bin/sh;
			shellScript = "\"${SRCROOT}/Pods/Target Support Files/Pods-paragraf/Pods-paragraf-resources.sh\"\n";
			showEnvVarsInLog = 0;
		};
		C7BE5BE47600F428D89B683D /* [CP] Check Pods Manifest.lock */ = {
			isa = PBXShellScriptBuildPhase;
			buildActionMask = 2147483647;
			files = (
			);
			inputPaths = (
			);
			name = "[CP] Check Pods Manifest.lock";
			outputPaths = (
			);
			runOnlyForDeploymentPostprocessing = 0;
			shellPath = /bin/sh;
			shellScript = "diff \"${PODS_ROOT}/../Podfile.lock\" \"${PODS_ROOT}/Manifest.lock\" > /dev/null\nif [ $? != 0 ] ; then\n    # print error to STDERR\n    echo \"error: The sandbox is not in sync with the Podfile.lock. Run 'pod install' or update your CocoaPods installation.\" >&2\n    exit 1\nfi\n";
			showEnvVarsInLog = 0;
		};
/* End PBXShellScriptBuildPhase section */

/* Begin PBXSourcesBuildPhase section */
		935057F41DDB26CC0006ADF0 /* Sources */ = {
			isa = PBXSourcesBuildPhase;
			buildActionMask = 2147483647;
			files = (
				A067401C1DDBA9F600053FCE /* AuthViewController.swift in Sources */,
				935058001DDB26CC0006ADF0 /* SecondViewController.swift in Sources */,
				A0E0E9DB1DE737F7002D0D73 /* TabBarController.swift in Sources */,
				A0CD0FFB1DE6EC99008DD3D4 /* API.swift in Sources */,
				93B068BF1DDBB7F200945657 /* ParagraphTableViewCell.swift in Sources */,
				935057FC1DDB26CC0006ADF0 /* AppDelegate.swift in Sources */,
				93E3EA811DDEEC6B00001993 /* FeedTableViewController.swift in Sources */,
				934A26A51DDB92E100B4F707 /* StoryDetailTableViewController.swift in Sources */,
				935057FE1DDB26CC0006ADF0 /* FirstViewController.swift in Sources */,
				93086E091DDE15EA009DDFB8 /* FeedCardView.swift in Sources */,
				93A4E04F1DDE1A43001CA4E6 /* StoryDetailHeaderTableViewCell.swift in Sources */,
			);
			runOnlyForDeploymentPostprocessing = 0;
		};
/* End PBXSourcesBuildPhase section */

/* Begin PBXVariantGroup section */
		935058011DDB26CC0006ADF0 /* Main.storyboard */ = {
			isa = PBXVariantGroup;
			children = (
				935058021DDB26CC0006ADF0 /* Base */,
			);
			name = Main.storyboard;
			sourceTree = "<group>";
		};
		935058061DDB26CC0006ADF0 /* LaunchScreen.storyboard */ = {
			isa = PBXVariantGroup;
			children = (
				935058071DDB26CC0006ADF0 /* Base */,
			);
			name = LaunchScreen.storyboard;
			sourceTree = "<group>";
		};
/* End PBXVariantGroup section */

/* Begin XCBuildConfiguration section */
		9350580A1DDB26CC0006ADF0 /* Debug */ = {
			isa = XCBuildConfiguration;
			buildSettings = {
				ALWAYS_SEARCH_USER_PATHS = NO;
				CLANG_ANALYZER_NONNULL = YES;
				CLANG_CXX_LANGUAGE_STANDARD = "gnu++0x";
				CLANG_CXX_LIBRARY = "libc++";
				CLANG_ENABLE_MODULES = YES;
				CLANG_ENABLE_OBJC_ARC = YES;
				CLANG_WARN_BOOL_CONVERSION = YES;
				CLANG_WARN_CONSTANT_CONVERSION = YES;
				CLANG_WARN_DIRECT_OBJC_ISA_USAGE = YES_ERROR;
				CLANG_WARN_DOCUMENTATION_COMMENTS = YES;
				CLANG_WARN_EMPTY_BODY = YES;
				CLANG_WARN_ENUM_CONVERSION = YES;
				CLANG_WARN_INFINITE_RECURSION = YES;
				CLANG_WARN_INT_CONVERSION = YES;
				CLANG_WARN_OBJC_ROOT_CLASS = YES_ERROR;
				CLANG_WARN_SUSPICIOUS_MOVE = YES;
				CLANG_WARN_SUSPICIOUS_MOVES = YES;
				CLANG_WARN_UNREACHABLE_CODE = YES;
				CLANG_WARN__DUPLICATE_METHOD_MATCH = YES;
				"CODE_SIGN_IDENTITY[sdk=iphoneos*]" = "iPhone Developer";
				COPY_PHASE_STRIP = NO;
				DEBUG_INFORMATION_FORMAT = dwarf;
				ENABLE_STRICT_OBJC_MSGSEND = YES;
				ENABLE_TESTABILITY = YES;
				GCC_C_LANGUAGE_STANDARD = gnu99;
				GCC_DYNAMIC_NO_PIC = NO;
				GCC_NO_COMMON_BLOCKS = YES;
				GCC_OPTIMIZATION_LEVEL = 0;
				GCC_PREPROCESSOR_DEFINITIONS = (
					"DEBUG=1",
					"$(inherited)",
				);
				GCC_WARN_64_TO_32_BIT_CONVERSION = YES;
				GCC_WARN_ABOUT_RETURN_TYPE = YES_ERROR;
				GCC_WARN_UNDECLARED_SELECTOR = YES;
				GCC_WARN_UNINITIALIZED_AUTOS = YES_AGGRESSIVE;
				GCC_WARN_UNUSED_FUNCTION = YES;
				GCC_WARN_UNUSED_VARIABLE = YES;
				IPHONEOS_DEPLOYMENT_TARGET = 10.0;
				MTL_ENABLE_DEBUG_INFO = YES;
				ONLY_ACTIVE_ARCH = YES;
				SDKROOT = iphoneos;
				SWIFT_ACTIVE_COMPILATION_CONDITIONS = DEBUG;
				SWIFT_OPTIMIZATION_LEVEL = "-Onone";
				TARGETED_DEVICE_FAMILY = "1,2";
			};
			name = Debug;
		};
		9350580B1DDB26CC0006ADF0 /* Release */ = {
			isa = XCBuildConfiguration;
			buildSettings = {
				ALWAYS_SEARCH_USER_PATHS = NO;
				CLANG_ANALYZER_NONNULL = YES;
				CLANG_CXX_LANGUAGE_STANDARD = "gnu++0x";
				CLANG_CXX_LIBRARY = "libc++";
				CLANG_ENABLE_MODULES = YES;
				CLANG_ENABLE_OBJC_ARC = YES;
				CLANG_WARN_BOOL_CONVERSION = YES;
				CLANG_WARN_CONSTANT_CONVERSION = YES;
				CLANG_WARN_DIRECT_OBJC_ISA_USAGE = YES_ERROR;
				CLANG_WARN_DOCUMENTATION_COMMENTS = YES;
				CLANG_WARN_EMPTY_BODY = YES;
				CLANG_WARN_ENUM_CONVERSION = YES;
				CLANG_WARN_INFINITE_RECURSION = YES;
				CLANG_WARN_INT_CONVERSION = YES;
				CLANG_WARN_OBJC_ROOT_CLASS = YES_ERROR;
				CLANG_WARN_SUSPICIOUS_MOVE = YES;
				CLANG_WARN_SUSPICIOUS_MOVES = YES;
				CLANG_WARN_UNREACHABLE_CODE = YES;
				CLANG_WARN__DUPLICATE_METHOD_MATCH = YES;
				"CODE_SIGN_IDENTITY[sdk=iphoneos*]" = "iPhone Developer";
				COPY_PHASE_STRIP = NO;
				DEBUG_INFORMATION_FORMAT = "dwarf-with-dsym";
				ENABLE_NS_ASSERTIONS = NO;
				ENABLE_STRICT_OBJC_MSGSEND = YES;
				GCC_C_LANGUAGE_STANDARD = gnu99;
				GCC_NO_COMMON_BLOCKS = YES;
				GCC_WARN_64_TO_32_BIT_CONVERSION = YES;
				GCC_WARN_ABOUT_RETURN_TYPE = YES_ERROR;
				GCC_WARN_UNDECLARED_SELECTOR = YES;
				GCC_WARN_UNINITIALIZED_AUTOS = YES_AGGRESSIVE;
				GCC_WARN_UNUSED_FUNCTION = YES;
				GCC_WARN_UNUSED_VARIABLE = YES;
				IPHONEOS_DEPLOYMENT_TARGET = 10.0;
				MTL_ENABLE_DEBUG_INFO = NO;
				SDKROOT = iphoneos;
				SWIFT_OPTIMIZATION_LEVEL = "-Owholemodule";
				TARGETED_DEVICE_FAMILY = "1,2";
				VALIDATE_PRODUCT = YES;
			};
			name = Release;
		};
		9350580D1DDB26CC0006ADF0 /* Debug */ = {
			isa = XCBuildConfiguration;
			baseConfigurationReference = 91085D07BDE49A3E1157341C /* Pods-paragraf.debug.xcconfig */;
			buildSettings = {
				ALWAYS_EMBED_SWIFT_STANDARD_LIBRARIES = NO;
				ASSETCATALOG_COMPILER_APPICON_NAME = AppIcon;
				CODE_SIGN_ENTITLEMENTS = paragraf/paragraf.entitlements;
				DEVELOPMENT_TEAM = KA74PPR2DQ;
				INFOPLIST_FILE = paragraf/Info.plist;
				LD_RUNPATH_SEARCH_PATHS = "$(inherited) @executable_path/Frameworks";
				PRODUCT_BUNDLE_IDENTIFIER = mobi.iglu.paragraf;
				PRODUCT_NAME = "$(TARGET_NAME)";
				SWIFT_VERSION = 3.0;
			};
			name = Debug;
		};
		9350580E1DDB26CC0006ADF0 /* Release */ = {
			isa = XCBuildConfiguration;
			baseConfigurationReference = 72158C2F18019EFCE405251A /* Pods-paragraf.release.xcconfig */;
			buildSettings = {
				ALWAYS_EMBED_SWIFT_STANDARD_LIBRARIES = NO;
				ASSETCATALOG_COMPILER_APPICON_NAME = AppIcon;
				CODE_SIGN_ENTITLEMENTS = paragraf/paragraf.entitlements;
				DEVELOPMENT_TEAM = KA74PPR2DQ;
				INFOPLIST_FILE = paragraf/Info.plist;
				LD_RUNPATH_SEARCH_PATHS = "$(inherited) @executable_path/Frameworks";
				PRODUCT_BUNDLE_IDENTIFIER = mobi.iglu.paragraf;
				PRODUCT_NAME = "$(TARGET_NAME)";
				SWIFT_VERSION = 3.0;
			};
			name = Release;
		};
/* End XCBuildConfiguration section */

/* Begin XCConfigurationList section */
		935057F31DDB26CC0006ADF0 /* Build configuration list for PBXProject "paragraf" */ = {
			isa = XCConfigurationList;
			buildConfigurations = (
				9350580A1DDB26CC0006ADF0 /* Debug */,
				9350580B1DDB26CC0006ADF0 /* Release */,
			);
			defaultConfigurationIsVisible = 0;
			defaultConfigurationName = Release;
		};
		9350580C1DDB26CC0006ADF0 /* Build configuration list for PBXNativeTarget "paragraf" */ = {
			isa = XCConfigurationList;
			buildConfigurations = (
				9350580D1DDB26CC0006ADF0 /* Debug */,
				9350580E1DDB26CC0006ADF0 /* Release */,
			);
			defaultConfigurationIsVisible = 0;
			defaultConfigurationName = Release;
		};
/* End XCConfigurationList section */
	};
	rootObject = 935057F01DDB26CC0006ADF0 /* Project object */;
}
